
Microsoft Visual Studio Solution File, Format Version 12.00
# Visual Studio Version 16
VisualStudioVersion = 16.0.31515.178
MinimumVisualStudioVersion = 10.0.40219.1
Project("{FAE04EC0-301F-11D3-BF4B-00C04F79EFBC}") = "linq", "linq\linq.csproj", "{C534B0A5-5AC4-45EC-ADE8-FCB6ACE913AA}"
EndProject
Global
	GlobalSection(SolutionConfigurationPlatforms) = preSolution
		Debug|Any CPU = Debug|Any CPU
		Release|Any CPU = Release|Any CPU
	EndGlobalSection
	GlobalSection(ProjectConfigurationPlatforms) = postSolution
		{C534B0A5-5AC4-45EC-ADE8-FCB6ACE913AA}.Debug|Any CPU.ActiveCfg = Debug|Any CPU
		{C534B0A5-5AC4-45EC-ADE8-FCB6ACE913AA}.Debug|Any CPU.Build.0 = Debug|Any CPU
		{C534B0A5-5AC4-45EC-ADE8-FCB6ACE913AA}.Release|Any CPU.ActiveCfg = Release|Any CPU
		{C534B0A5-5AC4-45EC-ADE8-FCB6ACE913AA}.Release|Any CPU.Build.0 = Release|Any CPU
	EndGlobalSection
	GlobalSection(SolutionProperties) = preSolution
		HideSolutionNode = FALSE
	EndGlobalSection
	GlobalSection(ExtensibilityGlobals) = postSolution
		SolutionGuid = {3F41D563-320D-4A0A-9B6C-840583E31B5D}
	EndGlobalSection
EndGlobal
